
Microsoft Visual Studio Solution File, Format Version 12.00
# Visual Studio Version 17
VisualStudioVersion = 17.4.33110.190
MinimumVisualStudioVersion = 10.0.40219.1
Project("{FAE04EC0-301F-11D3-BF4B-00C04F79EFBC}") = "MyApiApp", "MyApiApp\MyApiApp.csproj", "{04C1EEB1-CBFE-4CBB-AA4D-44C9EEF9DAD0}"
EndProject
Global
	GlobalSection(SolutionConfigurationPlatforms) = preSolution
		Debug|Any CPU = Debug|Any CPU
		Release|Any CPU = Release|Any CPU
	EndGlobalSection
	GlobalSection(ProjectConfigurationPlatforms) = postSolution
		{04C1EEB1-CBFE-4CBB-AA4D-44C9EEF9DAD0}.Debug|Any CPU.ActiveCfg = Debug|Any CPU
		{04C1EEB1-CBFE-4CBB-AA4D-44C9EEF9DAD0}.Debug|Any CPU.Build.0 = Debug|Any CPU
		{04C1EEB1-CBFE-4CBB-AA4D-44C9EEF9DAD0}.Release|Any CPU.ActiveCfg = Release|Any CPU
		{04C1EEB1-CBFE-4CBB-AA4D-44C9EEF9DAD0}.Release|Any CPU.Build.0 = Release|Any CPU
	EndGlobalSection
	GlobalSection(SolutionProperties) = preSolution
		HideSolutionNode = FALSE
	EndGlobalSection
	GlobalSection(ExtensibilityGlobals) = postSolution
		SolutionGuid = {0FDA40F2-1CE8-4E98-8F1E-FE730F44897D}
	EndGlobalSection
EndGlobal
